// !$*UTF8*$!
{
	archiveVersion = 1;
	classes = {
	};
	objectVersion = 55;
	objects = {

/* Begin PBXBuildFile section */
		D3AE5D6827633BFA00BAB2B3 /* AppDelegate.swift in Sources */ = {isa = PBXBuildFile; fileRef = D3AE5D6727633BFA00BAB2B3 /* AppDelegate.swift */; };
		D3AE5D6A27633BFA00BAB2B3 /* SceneDelegate.swift in Sources */ = {isa = PBXBuildFile; fileRef = D3AE5D6927633BFA00BAB2B3 /* SceneDelegate.swift */; };
		D3AE5D6C27633BFA00BAB2B3 /* ViewController.swift in Sources */ = {isa = PBXBuildFile; fileRef = D3AE5D6B27633BFA00BAB2B3 /* ViewController.swift */; };
		D3AE5D6F27633BFA00BAB2B3 /* Main.storyboard in Resources */ = {isa = PBXBuildFile; fileRef = D3AE5D6D27633BFA00BAB2B3 /* Main.storyboard */; };
		D3AE5D7127633BFE00BAB2B3 /* Assets.xcassets in Resources */ = {isa = PBXBuildFile; fileRef = D3AE5D7027633BFE00BAB2B3 /* Assets.xcassets */; };
		D3AE5D7427633BFE00BAB2B3 /* LaunchScreen.storyboard in Resources */ = {isa = PBXBuildFile; fileRef = D3AE5D7227633BFE00BAB2B3 /* LaunchScreen.storyboard */; };
		D3AE5D7D27633C2C00BAB2B3 /* Course.swift in Sources */ = {isa = PBXBuildFile; fileRef = D3AE5D7C27633C2C00BAB2B3 /* Course.swift */; };
		D3AE5D8227633D1600BAB2B3 /* CourseCell.swift in Sources */ = {isa = PBXBuildFile; fileRef = D3AE5D8127633D1600BAB2B3 /* CourseCell.swift */; };
		D3AE5D8427634B2300BAB2B3 /* CoursesViewController.swift in Sources */ = {isa = PBXBuildFile; fileRef = D3AE5D8327634B2300BAB2B3 /* CoursesViewController.swift */; };
		D3AE5D8727634C8C00BAB2B3 /* CourseViewModel.swift in Sources */ = {isa = PBXBuildFile; fileRef = D3AE5D8627634C8C00BAB2B3 /* CourseViewModel.swift */; };
		D3AE5D892763509000BAB2B3 /* Service.swift in Sources */ = {isa = PBXBuildFile; fileRef = D3AE5D882763509000BAB2B3 /* Service.swift */; };
		D3AE5D9327637E4500BAB2B3 /* unitTests.swift in Sources */ = {isa = PBXBuildFile; fileRef = D3AE5D9227637E4500BAB2B3 /* unitTests.swift */; };
/* End PBXBuildFile section */

/* Begin PBXContainerItemProxy section */
		D3AE5D9427637E4500BAB2B3 /* PBXContainerItemProxy */ = {
			isa = PBXContainerItemProxy;
			containerPortal = D3AE5D5C27633BFA00BAB2B3 /* Project object */;
			proxyType = 1;
			remoteGlobalIDString = D3AE5D6327633BFA00BAB2B3;
			remoteInfo = "mvvm+unitTest";
		};
/* End PBXContainerItemProxy section */

/* Begin PBXFileReference section */
		D3AE5D6427633BFA00BAB2B3 /* mvvm_unitTest.app */ = {isa = PBXFileReference; explicitFileType = wrapper.application; includeInIndex = 0; path = mvvm_unitTest.app; sourceTree = BUILT_PRODUCTS_DIR; };
		D3AE5D6727633BFA00BAB2B3 /* AppDelegate.swift */ = {isa = PBXFileReference; lastKnownFileType = sourcecode.swift; path = AppDelegate.swift; sourceTree = "<group>"; };
		D3AE5D6927633BFA00BAB2B3 /* SceneDelegate.swift */ = {isa = PBXFileReference; lastKnownFileType = sourcecode.swift; path = SceneDelegate.swift; sourceTree = "<group>"; };
		D3AE5D6B27633BFA00BAB2B3 /* ViewController.swift */ = {isa = PBXFileReference; lastKnownFileType = sourcecode.swift; path = ViewController.swift; sourceTree = "<group>"; };
		D3AE5D6E27633BFA00BAB2B3 /* Base */ = {isa = PBXFileReference; lastKnownFileType = file.storyboard; name = Base; path = Base.lproj/Main.storyboard; sourceTree = "<group>"; };
		D3AE5D7027633BFE00BAB2B3 /* Assets.xcassets */ = {isa = PBXFileReference; lastKnownFileType = folder.assetcatalog; path = Assets.xcassets; sourceTree = "<group>"; };
		D3AE5D7327633BFE00BAB2B3 /* Base */ = {isa = PBXFileReference; lastKnownFileType = file.storyboard; name = Base; path = Base.lproj/LaunchScreen.storyboard; sourceTree = "<group>"; };
		D3AE5D7527633BFE00BAB2B3 /* Info.plist */ = {isa = PBXFileReference; lastKnownFileType = text.plist.xml; path = Info.plist; sourceTree = "<group>"; };
		D3AE5D7C27633C2C00BAB2B3 /* Course.swift */ = {isa = PBXFileReference; lastKnownFileType = sourcecode.swift; path = Course.swift; sourceTree = "<group>"; };
		D3AE5D8127633D1600BAB2B3 /* CourseCell.swift */ = {isa = PBXFileReference; lastKnownFileType = sourcecode.swift; path = CourseCell.swift; sourceTree = "<group>"; };
		D3AE5D8327634B2300BAB2B3 /* CoursesViewController.swift */ = {isa = PBXFileReference; lastKnownFileType = sourcecode.swift; path = CoursesViewController.swift; sourceTree = "<group>"; };
		D3AE5D8627634C8C00BAB2B3 /* CourseViewModel.swift */ = {isa = PBXFileReference; lastKnownFileType = sourcecode.swift; path = CourseViewModel.swift; sourceTree = "<group>"; };
		D3AE5D882763509000BAB2B3 /* Service.swift */ = {isa = PBXFileReference; lastKnownFileType = sourcecode.swift; path = Service.swift; sourceTree = "<group>"; };
		D3AE5D9027637E4500BAB2B3 /* unitTests.xctest */ = {isa = PBXFileReference; explicitFileType = wrapper.cfbundle; includeInIndex = 0; path = unitTests.xctest; sourceTree = BUILT_PRODUCTS_DIR; };
		D3AE5D9227637E4500BAB2B3 /* unitTests.swift */ = {isa = PBXFileReference; lastKnownFileType = sourcecode.swift; path = unitTests.swift; sourceTree = "<group>"; };
/* End PBXFileReference section */

/* Begin PBXFrameworksBuildPhase section */
		D3AE5D6127633BFA00BAB2B3 /* Frameworks */ = {
			isa = PBXFrameworksBuildPhase;
			buildActionMask = 2147483647;
			files = (
			);
			runOnlyForDeploymentPostprocessing = 0;
		};
		D3AE5D8D27637E4500BAB2B3 /* Frameworks */ = {
			isa = PBXFrameworksBuildPhase;
			buildActionMask = 2147483647;
			files = (
			);
			runOnlyForDeploymentPostprocessing = 0;
		};
/* End PBXFrameworksBuildPhase section */

/* Begin PBXGroup section */
		D3AE5D5B27633BFA00BAB2B3 = {
			isa = PBXGroup;
			children = (
				D3AE5D6627633BFA00BAB2B3 /* mvvm+unitTest */,
				D3AE5D9127637E4500BAB2B3 /* unitTests */,
				D3AE5D6527633BFA00BAB2B3 /* Products */,
			);
			sourceTree = "<group>";
		};
		D3AE5D6527633BFA00BAB2B3 /* Products */ = {
			isa = PBXGroup;
			children = (
				D3AE5D6427633BFA00BAB2B3 /* mvvm_unitTest.app */,
				D3AE5D9027637E4500BAB2B3 /* unitTests.xctest */,
			);
			name = Products;
			sourceTree = "<group>";
		};
		D3AE5D6627633BFA00BAB2B3 /* mvvm+unitTest */ = {
			isa = PBXGroup;
			children = (
				D3AE5D8527634C7600BAB2B3 /* ViewModel */,
				D3AE5D7B27633C1C00BAB2B3 /* Model */,
				D3AE5D7E27633C8E00BAB2B3 /* View */,
				D3AE5D7F27633C9900BAB2B3 /* Controller */,
				D3AE5D8027633CA300BAB2B3 /* Service */,
				D3AE5D6727633BFA00BAB2B3 /* AppDelegate.swift */,
				D3AE5D6927633BFA00BAB2B3 /* SceneDelegate.swift */,
				D3AE5D6B27633BFA00BAB2B3 /* ViewController.swift */,
				D3AE5D6D27633BFA00BAB2B3 /* Main.storyboard */,
				D3AE5D7027633BFE00BAB2B3 /* Assets.xcassets */,
				D3AE5D7227633BFE00BAB2B3 /* LaunchScreen.storyboard */,
				D3AE5D7527633BFE00BAB2B3 /* Info.plist */,
			);
			path = "mvvm+unitTest";
			sourceTree = "<group>";
		};
		D3AE5D7B27633C1C00BAB2B3 /* Model */ = {
			isa = PBXGroup;
			children = (
				D3AE5D7C27633C2C00BAB2B3 /* Course.swift */,
			);
			path = Model;
			sourceTree = "<group>";
		};
		D3AE5D7E27633C8E00BAB2B3 /* View */ = {
			isa = PBXGroup;
			children = (
				D3AE5D8127633D1600BAB2B3 /* CourseCell.swift */,
			);
			path = View;
			sourceTree = "<group>";
		};
		D3AE5D7F27633C9900BAB2B3 /* Controller */ = {
			isa = PBXGroup;
			children = (
				D3AE5D8327634B2300BAB2B3 /* CoursesViewController.swift */,
			);
			path = Controller;
			sourceTree = "<group>";
		};
		D3AE5D8027633CA300BAB2B3 /* Service */ = {
			isa = PBXGroup;
			children = (
				D3AE5D882763509000BAB2B3 /* Service.swift */,
			);
			path = Service;
			sourceTree = "<group>";
		};
		D3AE5D8527634C7600BAB2B3 /* ViewModel */ = {
			isa = PBXGroup;
			children = (
				D3AE5D8627634C8C00BAB2B3 /* CourseViewModel.swift */,
			);
			path = ViewModel;
			sourceTree = "<group>";
		};
		D3AE5D9127637E4500BAB2B3 /* unitTests */ = {
			isa = PBXGroup;
			children = (
				D3AE5D9227637E4500BAB2B3 /* unitTests.swift */,
			);
			path = unitTests;
			sourceTree = "<group>";
		};
/* End PBXGroup section */

/* Begin PBXNativeTarget section */
		D3AE5D6327633BFA00BAB2B3 /* mvvm_unitTest */ = {
			isa = PBXNativeTarget;
			buildConfigurationList = D3AE5D7827633BFE00BAB2B3 /* Build configuration list for PBXNativeTarget "mvvm_unitTest" */;
			buildPhases = (
				D3AE5D6027633BFA00BAB2B3 /* Sources */,
				D3AE5D6127633BFA00BAB2B3 /* Frameworks */,
				D3AE5D6227633BFA00BAB2B3 /* Resources */,
			);
			buildRules = (
			);
			dependencies = (
			);
			name = mvvm_unitTest;
			productName = "mvvm+unitTest";
			productReference = D3AE5D6427633BFA00BAB2B3 /* mvvm_unitTest.app */;
			productType = "com.apple.product-type.application";
		};
		D3AE5D8F27637E4500BAB2B3 /* unitTests */ = {
			isa = PBXNativeTarget;
			buildConfigurationList = D3AE5D9627637E4500BAB2B3 /* Build configuration list for PBXNativeTarget "unitTests" */;
			buildPhases = (
				D3AE5D8C27637E4500BAB2B3 /* Sources */,
				D3AE5D8D27637E4500BAB2B3 /* Frameworks */,
				D3AE5D8E27637E4500BAB2B3 /* Resources */,
			);
			buildRules = (
			);
			dependencies = (
				D3AE5D9527637E4500BAB2B3 /* PBXTargetDependency */,
			);
			name = unitTests;
			productName = unitTests;
			productReference = D3AE5D9027637E4500BAB2B3 /* unitTests.xctest */;
			productType = "com.apple.product-type.bundle.unit-test";
		};
/* End PBXNativeTarget section */

/* Begin PBXProject section */
		D3AE5D5C27633BFA00BAB2B3 /* Project object */ = {
			isa = PBXProject;
			attributes = {
				BuildIndependentTargetsInParallel = 1;
				LastSwiftUpdateCheck = 1310;
				LastUpgradeCheck = 1310;
				TargetAttributes = {
					D3AE5D6327633BFA00BAB2B3 = {
						CreatedOnToolsVersion = 13.1;
					};
					D3AE5D8F27637E4500BAB2B3 = {
						CreatedOnToolsVersion = 13.1;
						TestTargetID = D3AE5D6327633BFA00BAB2B3;
					};
				};
			};
			buildConfigurationList = D3AE5D5F27633BFA00BAB2B3 /* Build configuration list for PBXProject "mvvm_unitTest" */;
			compatibilityVersion = "Xcode 13.0";
			developmentRegion = en;
			hasScannedForEncodings = 0;
			knownRegions = (
				en,
				Base,
			);
			mainGroup = D3AE5D5B27633BFA00BAB2B3;
			productRefGroup = D3AE5D6527633BFA00BAB2B3 /* Products */;
			projectDirPath = "";
			projectRoot = "";
			targets = (
				D3AE5D6327633BFA00BAB2B3 /* mvvm_unitTest */,
				D3AE5D8F27637E4500BAB2B3 /* unitTests */,
			);
		};
/* End PBXProject section */

/* Begin PBXResourcesBuildPhase section */
		D3AE5D6227633BFA00BAB2B3 /* Resources */ = {
			isa = PBXResourcesBuildPhase;
			buildActionMask = 2147483647;
			files = (
				D3AE5D7427633BFE00BAB2B3 /* LaunchScreen.storyboard in Resources */,
				D3AE5D7127633BFE00BAB2B3 /* Assets.xcassets in Resources */,
				D3AE5D6F27633BFA00BAB2B3 /* Main.storyboard in Resources */,
			);
			runOnlyForDeploymentPostprocessing = 0;
		};
		D3AE5D8E27637E4500BAB2B3 /* Resources */ = {
			isa = PBXResourcesBuildPhase;
			buildActionMask = 2147483647;
			files = (
			);
			runOnlyForDeploymentPostprocessing = 0;
		};
/* End PBXResourcesBuildPhase section */

/* Begin PBXSourcesBuildPhase section */
		D3AE5D6027633BFA00BAB2B3 /* Sources */ = {
			isa = PBXSourcesBuildPhase;
			buildActionMask = 2147483647;
			files = (
				D3AE5D8427634B2300BAB2B3 /* CoursesViewController.swift in Sources */,
				D3AE5D892763509000BAB2B3 /* Service.swift in Sources */,
				D3AE5D7D27633C2C00BAB2B3 /* Course.swift in Sources */,
				D3AE5D8727634C8C00BAB2B3 /* CourseViewModel.swift in Sources */,
				D3AE5D6C27633BFA00BAB2B3 /* ViewController.swift in Sources */,
				D3AE5D6827633BFA00BAB2B3 /* AppDelegate.swift in Sources */,
				D3AE5D6A27633BFA00BAB2B3 /* SceneDelegate.swift in Sources */,
				D3AE5D8227633D1600BAB2B3 /* CourseCell.swift in Sources */,
			);
			runOnlyForDeploymentPostprocessing = 0;
		};
		D3AE5D8C27637E4500BAB2B3 /* Sources */ = {
			isa = PBXSourcesBuildPhase;
			buildActionMask = 2147483647;
			files = (
				D3AE5D9327637E4500BAB2B3 /* unitTests.swift in Sources */,
			);
			runOnlyForDeploymentPostprocessing = 0;
		};
/* End PBXSourcesBuildPhase section */

/* Begin PBXTargetDependency section */
		D3AE5D9527637E4500BAB2B3 /* PBXTargetDependency */ = {
			isa = PBXTargetDependency;
			target = D3AE5D6327633BFA00BAB2B3 /* mvvm_unitTest */;
			targetProxy = D3AE5D9427637E4500BAB2B3 /* PBXContainerItemProxy */;
		};
/* End PBXTargetDependency section */

/* Begin PBXVariantGroup section */
		D3AE5D6D27633BFA00BAB2B3 /* Main.storyboard */ = {
			isa = PBXVariantGroup;
			children = (
				D3AE5D6E27633BFA00BAB2B3 /* Base */,
			);
			name = Main.storyboard;
			sourceTree = "<group>";
		};
		D3AE5D7227633BFE00BAB2B3 /* LaunchScreen.storyboard */ = {
			isa = PBXVariantGroup;
			children = (
				D3AE5D7327633BFE00BAB2B3 /* Base */,
			);
			name = LaunchScreen.storyboard;
			sourceTree = "<group>";
		};
/* End PBXVariantGroup section */

/* Begin XCBuildConfiguration section */
		D3AE5D7627633BFE00BAB2B3 /* Debug */ = {
			isa = XCBuildConfiguration;
			buildSettings = {
				ALWAYS_SEARCH_USER_PATHS = NO;
				CLANG_ANALYZER_NONNULL = YES;
				CLANG_ANALYZER_NUMBER_OBJECT_CONVERSION = YES_AGGRESSIVE;
				CLANG_CXX_LANGUAGE_STANDARD = "gnu++17";
				CLANG_CXX_LIBRARY = "libc++";
				CLANG_ENABLE_MODULES = YES;
				CLANG_ENABLE_OBJC_ARC = YES;
				CLANG_ENABLE_OBJC_WEAK = YES;
				CLANG_WARN_BLOCK_CAPTURE_AUTORELEASING = YES;
				CLANG_WARN_BOOL_CONVERSION = YES;
				CLANG_WARN_COMMA = YES;
				CLANG_WARN_CONSTANT_CONVERSION = YES;
				CLANG_WARN_DEPRECATED_OBJC_IMPLEMENTATIONS = YES;
				CLANG_WARN_DIRECT_OBJC_ISA_USAGE = YES_ERROR;
				CLANG_WARN_DOCUMENTATION_COMMENTS = YES;
				CLANG_WARN_EMPTY_BODY = YES;
				CLANG_WARN_ENUM_CONVERSION = YES;
				CLANG_WARN_INFINITE_RECURSION = YES;
				CLANG_WARN_INT_CONVERSION = YES;
				CLANG_WARN_NON_LITERAL_NULL_CONVERSION = YES;
				CLANG_WARN_OBJC_IMPLICIT_RETAIN_SELF = YES;
				CLANG_WARN_OBJC_LITERAL_CONVERSION = YES;
				CLANG_WARN_OBJC_ROOT_CLASS = YES_ERROR;
				CLANG_WARN_QUOTED_INCLUDE_IN_FRAMEWORK_HEADER = YES;
				CLANG_WARN_RANGE_LOOP_ANALYSIS = YES;
				CLANG_WARN_STRICT_PROTOTYPES = YES;
				CLANG_WARN_SUSPICIOUS_MOVE = YES;
				CLANG_WARN_UNGUARDED_AVAILABILITY = YES_AGGRESSIVE;
				CLANG_WARN_UNREACHABLE_CODE = YES;
				CLANG_WARN__DUPLICATE_METHOD_MATCH = YES;
				COPY_PHASE_STRIP = NO;
				DEBUG_INFORMATION_FORMAT = dwarf;
				ENABLE_STRICT_OBJC_MSGSEND = YES;
				ENABLE_TESTABILITY = YES;
				GCC_C_LANGUAGE_STANDARD = gnu11;
				GCC_DYNAMIC_NO_PIC = NO;
				GCC_NO_COMMON_BLOCKS = YES;
				GCC_OPTIMIZATION_LEVEL = 0;
				GCC_PREPROCESSOR_DEFINITIONS = (
					"DEBUG=1",
					"$(inherited)",
				);
				GCC_WARN_64_TO_32_BIT_CONVERSION = YES;
				GCC_WARN_ABOUT_RETURN_TYPE = YES_ERROR;
				GCC_WARN_UNDECLARED_SELECTOR = YES;
				GCC_WARN_UNINITIALIZED_AUTOS = YES_AGGRESSIVE;
				GCC_WARN_UNUSED_FUNCTION = YES;
				GCC_WARN_UNUSED_VARIABLE = YES;
				IPHONEOS_DEPLOYMENT_TARGET = 15.0;
				MTL_ENABLE_DEBUG_INFO = INCLUDE_SOURCE;
				MTL_FAST_MATH = YES;
				ONLY_ACTIVE_ARCH = YES;
				SDKROOT = iphoneos;
				SWIFT_ACTIVE_COMPILATION_CONDITIONS = DEBUG;
				SWIFT_OPTIMIZATION_LEVEL = "-Onone";
			};
			name = Debug;
		};
		D3AE5D7727633BFE00BAB2B3 /* Release */ = {
			isa = XCBuildConfiguration;
			buildSettings = {
				ALWAYS_SEARCH_USER_PATHS = NO;
				CLANG_ANALYZER_NONNULL = YES;
				CLANG_ANALYZER_NUMBER_OBJECT_CONVERSION = YES_AGGRESSIVE;
				CLANG_CXX_LANGUAGE_STANDARD = "gnu++17";
				CLANG_CXX_LIBRARY = "libc++";
				CLANG_ENABLE_MODULES = YES;
				CLANG_ENABLE_OBJC_ARC = YES;
				CLANG_ENABLE_OBJC_WEAK = YES;
				CLANG_WARN_BLOCK_CAPTURE_AUTORELEASING = YES;
				CLANG_WARN_BOOL_CONVERSION = YES;
				CLANG_WARN_COMMA = YES;
				CLANG_WARN_CONSTANT_CONVERSION = YES;
				CLANG_WARN_DEPRECATED_OBJC_IMPLEMENTATIONS = YES;
				CLANG_WARN_DIRECT_OBJC_ISA_USAGE = YES_ERROR;
				CLANG_WARN_DOCUMENTATION_COMMENTS = YES;
				CLANG_WARN_EMPTY_BODY = YES;
				CLANG_WARN_ENUM_CONVERSION = YES;
				CLANG_WARN_INFINITE_RECURSION = YES;
				CLANG_WARN_INT_CONVERSION = YES;
				CLANG_WARN_NON_LITERAL_NULL_CONVERSION = YES;
				CLANG_WARN_OBJC_IMPLICIT_RETAIN_SELF = YES;
				CLANG_WARN_OBJC_LITERAL_CONVERSION = YES;
				CLANG_WARN_OBJC_ROOT_CLASS = YES_ERROR;
				CLANG_WARN_QUOTED_INCLUDE_IN_FRAMEWORK_HEADER = YES;
				CLANG_WARN_RANGE_LOOP_ANALYSIS = YES;
				CLANG_WARN_STRICT_PROTOTYPES = YES;
				CLANG_WARN_SUSPICIOUS_MOVE = YES;
				CLANG_WARN_UNGUARDED_AVAILABILITY = YES_AGGRESSIVE;
				CLANG_WARN_UNREACHABLE_CODE = YES;
				CLANG_WARN__DUPLICATE_METHOD_MATCH = YES;
				COPY_PHASE_STRIP = NO;
				DEBUG_INFORMATION_FORMAT = "dwarf-with-dsym";
				ENABLE_NS_ASSERTIONS = NO;
				ENABLE_STRICT_OBJC_MSGSEND = YES;
				GCC_C_LANGUAGE_STANDARD = gnu11;
				GCC_NO_COMMON_BLOCKS = YES;
				GCC_WARN_64_TO_32_BIT_CONVERSION = YES;
				GCC_WARN_ABOUT_RETURN_TYPE = YES_ERROR;
				GCC_WARN_UNDECLARED_SELECTOR = YES;
				GCC_WARN_UNINITIALIZED_AUTOS = YES_AGGRESSIVE;
				GCC_WARN_UNUSED_FUNCTION = YES;
				GCC_WARN_UNUSED_VARIABLE = YES;
				IPHONEOS_DEPLOYMENT_TARGET = 15.0;
				MTL_ENABLE_DEBUG_INFO = NO;
				MTL_FAST_MATH = YES;
				SDKROOT = iphoneos;
				SWIFT_COMPILATION_MODE = wholemodule;
				SWIFT_OPTIMIZATION_LEVEL = "-O";
				VALIDATE_PRODUCT = YES;
			};
			name = Release;
		};
		D3AE5D7927633BFE00BAB2B3 /* Debug */ = {
			isa = XCBuildConfiguration;
			buildSettings = {
				ASSETCATALOG_COMPILER_APPICON_NAME = AppIcon;
				ASSETCATALOG_COMPILER_GLOBAL_ACCENT_COLOR_NAME = AccentColor;
				CODE_SIGN_STYLE = Automatic;
				CURRENT_PROJECT_VERSION = 1;
				DEVELOPMENT_TEAM = FMK9626CCV;
				GENERATE_INFOPLIST_FILE = YES;
				INFOPLIST_FILE = "mvvm+unitTest/Info.plist";
				INFOPLIST_KEY_UIApplicationSupportsIndirectInputEvents = YES;
				INFOPLIST_KEY_UILaunchStoryboardName = LaunchScreen;
				INFOPLIST_KEY_UIMainStoryboardFile = Main;
				INFOPLIST_KEY_UISupportedInterfaceOrientations_iPad = "UIInterfaceOrientationPortrait UIInterfaceOrientationPortraitUpsideDown UIInterfaceOrientationLandscapeLeft UIInterfaceOrientationLandscapeRight";
				INFOPLIST_KEY_UISupportedInterfaceOrientations_iPhone = "UIInterfaceOrientationPortrait UIInterfaceOrientationLandscapeLeft UIInterfaceOrientationLandscapeRight";
				LD_RUNPATH_SEARCH_PATHS = (
					"$(inherited)",
					"@executable_path/Frameworks",
				);
				MARKETING_VERSION = 1.0;
				PRODUCT_BUNDLE_IDENTIFIER = "com.yahoo.teddy1496.mvvm-unitTest";
				PRODUCT_NAME = "$(TARGET_NAME)";
				SWIFT_EMIT_LOC_STRINGS = YES;
				SWIFT_VERSION = 5.0;
				TARGETED_DEVICE_FAMILY = "1,2";
			};
			name = Debug;
		};
		D3AE5D7A27633BFE00BAB2B3 /* Release */ = {
			isa = XCBuildConfiguration;
			buildSettings = {
				ASSETCATALOG_COMPILER_APPICON_NAME = AppIcon;
				ASSETCATALOG_COMPILER_GLOBAL_ACCENT_COLOR_NAME = AccentColor;
				CODE_SIGN_STYLE = Automatic;
				CURRENT_PROJECT_VERSION = 1;
				DEVELOPMENT_TEAM = FMK9626CCV;
				GENERATE_INFOPLIST_FILE = YES;
				INFOPLIST_FILE = "mvvm+unitTest/Info.plist";
				INFOPLIST_KEY_UIApplicationSupportsIndirectInputEvents = YES;
				INFOPLIST_KEY_UILaunchStoryboardName = LaunchScreen;
				INFOPLIST_KEY_UIMainStoryboardFile = Main;
				INFOPLIST_KEY_UISupportedInterfaceOrientations_iPad = "UIInterfaceOrientationPortrait UIInterfaceOrientationPortraitUpsideDown UIInterfaceOrientationLandscapeLeft UIInterfaceOrientationLandscapeRight";
				INFOPLIST_KEY_UISupportedInterfaceOrientations_iPhone = "UIInterfaceOrientationPortrait UIInterfaceOrientationLandscapeLeft UIInterfaceOrientationLandscapeRight";
				LD_RUNPATH_SEARCH_PATHS = (
					"$(inherited)",
					"@executable_path/Frameworks",
				);
				MARKETING_VERSION = 1.0;
				PRODUCT_BUNDLE_IDENTIFIER = "com.yahoo.teddy1496.mvvm-unitTest";
				PRODUCT_NAME = "$(TARGET_NAME)";
				SWIFT_EMIT_LOC_STRINGS = YES;
				SWIFT_VERSION = 5.0;
				TARGETED_DEVICE_FAMILY = "1,2";
			};
			name = Release;
		};
		D3AE5D9727637E4500BAB2B3 /* Debug */ = {
			isa = XCBuildConfiguration;
			buildSettings = {
				BUNDLE_LOADER = "$(TEST_HOST)";
				CODE_SIGN_STYLE = Automatic;
				CURRENT_PROJECT_VERSION = 1;
				DEVELOPMENT_TEAM = FMK9626CCV;
				GENERATE_INFOPLIST_FILE = YES;
				LD_RUNPATH_SEARCH_PATHS = (
					"$(inherited)",
					"@executable_path/Frameworks",
					"@loader_path/Frameworks",
				);
				MARKETING_VERSION = 1.0;
				PRODUCT_BUNDLE_IDENTIFIER = com.yahoo.teddy1496.unitTests;
				PRODUCT_NAME = "$(TARGET_NAME)";
				SWIFT_EMIT_LOC_STRINGS = NO;
				SWIFT_VERSION = 5.0;
				TARGETED_DEVICE_FAMILY = "1,2";
				TEST_HOST = "$(BUILT_PRODUCTS_DIR)/mvvm_unitTest.app/mvvm_unitTest";
			};
			name = Debug;
		};
		D3AE5D9827637E4500BAB2B3 /* Release */ = {
			isa = XCBuildConfiguration;
			buildSettings = {
				BUNDLE_LOADER = "$(TEST_HOST)";
				CODE_SIGN_STYLE = Automatic;
				CURRENT_PROJECT_VERSION = 1;
				DEVELOPMENT_TEAM = FMK9626CCV;
				GENERATE_INFOPLIST_FILE = YES;
				LD_RUNPATH_SEARCH_PATHS = (
					"$(inherited)",
					"@executable_path/Frameworks",
					"@loader_path/Frameworks",
				);
				MARKETING_VERSION = 1.0;
				PRODUCT_BUNDLE_IDENTIFIER = com.yahoo.teddy1496.unitTests;
				PRODUCT_NAME = "$(TARGET_NAME)";
				SWIFT_EMIT_LOC_STRINGS = NO;
				SWIFT_VERSION = 5.0;
				TARGETED_DEVICE_FAMILY = "1,2";
				TEST_HOST = "$(BUILT_PRODUCTS_DIR)/mvvm_unitTest.app/mvvm_unitTest";
			};
			name = Release;
		};
/* End XCBuildConfiguration section */

/* Begin XCConfigurationList section */
		D3AE5D5F27633BFA00BAB2B3 /* Build configuration list for PBXProject "mvvm_unitTest" */ = {
			isa = XCConfigurationList;
			buildConfigurations = (
				D3AE5D7627633BFE00BAB2B3 /* Debug */,
				D3AE5D7727633BFE00BAB2B3 /* Release */,
			);
			defaultConfigurationIsVisible = 0;
			defaultConfigurationName = Release;
		};
		D3AE5D7827633BFE00BAB2B3 /* Build configuration list for PBXNativeTarget "mvvm_unitTest" */ = {
			isa = XCConfigurationList;
			buildConfigurations = (
				D3AE5D7927633BFE00BAB2B3 /* Debug */,
				D3AE5D7A27633BFE00BAB2B3 /* Release */,
			);
			defaultConfigurationIsVisible = 0;
			defaultConfigurationName = Release;
		};
		D3AE5D9627637E4500BAB2B3 /* Build configuration list for PBXNativeTarget "unitTests" */ = {
			isa = XCConfigurationList;
			buildConfigurations = (
				D3AE5D9727637E4500BAB2B3 /* Debug */,
				D3AE5D9827637E4500BAB2B3 /* Release */,
			);
			defaultConfigurationIsVisible = 0;
			defaultConfigurationName = Release;
		};
/* End XCConfigurationList section */
	};
	rootObject = D3AE5D5C27633BFA00BAB2B3 /* Project object */;
}
